
Microsoft Visual Studio Solution File, Format Version 12.00
# Visual Studio 2012
Project("{8BC9CEB8-8B4A-11D0-8D11-00A0C91BC942}") = "course_work1", "course_work1\course_work1.vcxproj", "{F8793801-FED4-4753-A312-D1DE7C9576D8}"
EndProject
Global
	GlobalSection(SolutionConfigurationPlatforms) = preSolution
		Debug|Win32 = Debug|Win32
		Release|Win32 = Release|Win32
	EndGlobalSection
	GlobalSection(ProjectConfigurationPlatforms) = postSolution
		{F8793801-FED4-4753-A312-D1DE7C9576D8}.Debug|Win32.ActiveCfg = Debug|Win32
		{F8793801-FED4-4753-A312-D1DE7C9576D8}.Debug|Win32.Build.0 = Debug|Win32
		{F8793801-FED4-4753-A312-D1DE7C9576D8}.Release|Win32.ActiveCfg = Release|Win32
		{F8793801-FED4-4753-A312-D1DE7C9576D8}.Release|Win32.Build.0 = Release|Win32
	EndGlobalSection
	GlobalSection(SolutionProperties) = preSolution
		HideSolutionNode = FALSE
	EndGlobalSection
EndGlobal
